
Microsoft Visual Studio Solution File, Format Version 12.00
# Visual Studio 2013
VisualStudioVersion = 12.0.21005.1
MinimumVisualStudioVersion = 10.0.40219.1
Project("{FAE04EC0-301F-11D3-BF4B-00C04F79EFBC}") = "Apresentacao", "Apresentacao\Apresentacao.csproj", "{53239498-6A3D-49D6-BF8D-26D7B680076F}"
EndProject
Project("{FAE04EC0-301F-11D3-BF4B-00C04F79EFBC}") = "Negocio", "Negocio\Negocio.csproj", "{98AAEA66-173C-48B8-99AF-8F4DED8834EF}"
EndProject
Project("{FAE04EC0-301F-11D3-BF4B-00C04F79EFBC}") = "ObjetoTransferencia", "ObjetoTransferencia\ObjetoTransferencia.csproj", "{C26E5AEB-5BA1-40C4-A535-C5E903DF09A3}"
EndProject
Project("{FAE04EC0-301F-11D3-BF4B-00C04F79EFBC}") = "AcessoBancoDados", "AcessoBancoDados\AcessoBancoDados.csproj", "{F1D75B2F-8C2E-455C-9352-7092D7AB6BA1}"
EndProject
Global
	GlobalSection(SolutionConfigurationPlatforms) = preSolution
		Debug|Any CPU = Debug|Any CPU
		Release|Any CPU = Release|Any CPU
	EndGlobalSection
	GlobalSection(ProjectConfigurationPlatforms) = postSolution
		{53239498-6A3D-49D6-BF8D-26D7B680076F}.Debug|Any CPU.ActiveCfg = Debug|Any CPU
		{53239498-6A3D-49D6-BF8D-26D7B680076F}.Debug|Any CPU.Build.0 = Debug|Any CPU
		{53239498-6A3D-49D6-BF8D-26D7B680076F}.Release|Any CPU.ActiveCfg = Release|Any CPU
		{53239498-6A3D-49D6-BF8D-26D7B680076F}.Release|Any CPU.Build.0 = Release|Any CPU
		{98AAEA66-173C-48B8-99AF-8F4DED8834EF}.Debug|Any CPU.ActiveCfg = Debug|Any CPU
		{98AAEA66-173C-48B8-99AF-8F4DED8834EF}.Debug|Any CPU.Build.0 = Debug|Any CPU
		{98AAEA66-173C-48B8-99AF-8F4DED8834EF}.Release|Any CPU.ActiveCfg = Release|Any CPU
		{98AAEA66-173C-48B8-99AF-8F4DED8834EF}.Release|Any CPU.Build.0 = Release|Any CPU
		{C26E5AEB-5BA1-40C4-A535-C5E903DF09A3}.Debug|Any CPU.ActiveCfg = Debug|Any CPU
		{C26E5AEB-5BA1-40C4-A535-C5E903DF09A3}.Debug|Any CPU.Build.0 = Debug|Any CPU
		{C26E5AEB-5BA1-40C4-A535-C5E903DF09A3}.Release|Any CPU.ActiveCfg = Release|Any CPU
		{C26E5AEB-5BA1-40C4-A535-C5E903DF09A3}.Release|Any CPU.Build.0 = Release|Any CPU
		{F1D75B2F-8C2E-455C-9352-7092D7AB6BA1}.Debug|Any CPU.ActiveCfg = Debug|Any CPU
		{F1D75B2F-8C2E-455C-9352-7092D7AB6BA1}.Debug|Any CPU.Build.0 = Debug|Any CPU
		{F1D75B2F-8C2E-455C-9352-7092D7AB6BA1}.Release|Any CPU.ActiveCfg = Release|Any CPU
		{F1D75B2F-8C2E-455C-9352-7092D7AB6BA1}.Release|Any CPU.Build.0 = Release|Any CPU
	EndGlobalSection
	GlobalSection(SolutionProperties) = preSolution
		HideSolutionNode = FALSE
	EndGlobalSection
EndGlobal
